
Microsoft Visual Studio Solution File, Format Version 12.00
# Visual Studio Version 16
VisualStudioVersion = 16.0.29613.14
MinimumVisualStudioVersion = 10.0.40219.1
Project("{FAE04EC0-301F-11D3-BF4B-00C04F79EFBC}") = "WebApp", "WebApp\WebApp.csproj", "{9E29481F-EB12-463B-A415-87DD97843F95}"
EndProject
Global
	GlobalSection(SolutionConfigurationPlatforms) = preSolution
		Debug|Any CPU = Debug|Any CPU
		Release|Any CPU = Release|Any CPU
	EndGlobalSection
	GlobalSection(ProjectConfigurationPlatforms) = postSolution
		{9E29481F-EB12-463B-A415-87DD97843F95}.Debug|Any CPU.ActiveCfg = Debug|Any CPU
		{9E29481F-EB12-463B-A415-87DD97843F95}.Debug|Any CPU.Build.0 = Debug|Any CPU
		{9E29481F-EB12-463B-A415-87DD97843F95}.Release|Any CPU.ActiveCfg = Release|Any CPU
		{9E29481F-EB12-463B-A415-87DD97843F95}.Release|Any CPU.Build.0 = Release|Any CPU
	EndGlobalSection
	GlobalSection(SolutionProperties) = preSolution
		HideSolutionNode = FALSE
	EndGlobalSection
	GlobalSection(ExtensibilityGlobals) = postSolution
		SolutionGuid = {A702FF15-27C4-4406-B1FC-975D59C8BB1A}
	EndGlobalSection
EndGlobal
